
Microsoft Visual Studio Solution File, Format Version 12.00
# Visual Studio Version 16
VisualStudioVersion = 16.0.31624.102
MinimumVisualStudioVersion = 10.0.40219.1
Project("{FAE04EC0-301F-11D3-BF4B-00C04F79EFBC}") = "Factorial", "Factorial.csproj", "{FA06EF1C-708E-4908-8695-775409D2C525}"
EndProject
Global
	GlobalSection(SolutionConfigurationPlatforms) = preSolution
		Debug|Any CPU = Debug|Any CPU
		Release|Any CPU = Release|Any CPU
	EndGlobalSection
	GlobalSection(ProjectConfigurationPlatforms) = postSolution
		{FA06EF1C-708E-4908-8695-775409D2C525}.Debug|Any CPU.ActiveCfg = Debug|Any CPU
		{FA06EF1C-708E-4908-8695-775409D2C525}.Debug|Any CPU.Build.0 = Debug|Any CPU
		{FA06EF1C-708E-4908-8695-775409D2C525}.Release|Any CPU.ActiveCfg = Release|Any CPU
		{FA06EF1C-708E-4908-8695-775409D2C525}.Release|Any CPU.Build.0 = Release|Any CPU
	EndGlobalSection
	GlobalSection(SolutionProperties) = preSolution
		HideSolutionNode = FALSE
	EndGlobalSection
	GlobalSection(ExtensibilityGlobals) = postSolution
		SolutionGuid = {B0F9154F-BA3F-4CB3-919A-4B9346439093}
	EndGlobalSection
EndGlobal
