
Microsoft Visual Studio Solution File, Format Version 12.00
# Visual Studio Version 17
VisualStudioVersion = 17.2.32630.192
MinimumVisualStudioVersion = 10.0.40219.1
Project("{FAE04EC0-301F-11D3-BF4B-00C04F79EFBC}") = "SongApp", "SongApp.csproj", "{2E848E41-5659-4227-8453-700126A6FAE7}"
	ProjectSection(ProjectDependencies) = postProject
		{01017C12-6A8E-496A-8908-F308403B3DF6} = {01017C12-6A8E-496A-8908-F308403B3DF6}
	EndProjectSection
EndProject
Project("{FAE04EC0-301F-11D3-BF4B-00C04F79EFBC}") = "SongLib", "..\SongLib\SongLib.csproj", "{01017C12-6A8E-496A-8908-F308403B3DF6}"
EndProject
Global
	GlobalSection(SolutionConfigurationPlatforms) = preSolution
		Debug|Any CPU = Debug|Any CPU
		Release|Any CPU = Release|Any CPU
	EndGlobalSection
	GlobalSection(ProjectConfigurationPlatforms) = postSolution
		{2E848E41-5659-4227-8453-700126A6FAE7}.Debug|Any CPU.ActiveCfg = Debug|Any CPU
		{2E848E41-5659-4227-8453-700126A6FAE7}.Debug|Any CPU.Build.0 = Debug|Any CPU
		{2E848E41-5659-4227-8453-700126A6FAE7}.Release|Any CPU.ActiveCfg = Release|Any CPU
		{2E848E41-5659-4227-8453-700126A6FAE7}.Release|Any CPU.Build.0 = Release|Any CPU
		{01017C12-6A8E-496A-8908-F308403B3DF6}.Debug|Any CPU.ActiveCfg = Debug|Any CPU
		{01017C12-6A8E-496A-8908-F308403B3DF6}.Debug|Any CPU.Build.0 = Debug|Any CPU
		{01017C12-6A8E-496A-8908-F308403B3DF6}.Release|Any CPU.ActiveCfg = Release|Any CPU
		{01017C12-6A8E-496A-8908-F308403B3DF6}.Release|Any CPU.Build.0 = Release|Any CPU
	EndGlobalSection
	GlobalSection(SolutionProperties) = preSolution
		HideSolutionNode = FALSE
	EndGlobalSection
	GlobalSection(ExtensibilityGlobals) = postSolution
		SolutionGuid = {FA2F2333-13E6-40A3-8616-9D9F027E79D8}
	EndGlobalSection
EndGlobal
