
Microsoft Visual Studio Solution File, Format Version 12.00
# Visual Studio Version 16
VisualStudioVersion = 16.0.31624.102
MinimumVisualStudioVersion = 10.0.40219.1
Project("{FAE04EC0-301F-11D3-BF4B-00C04F79EFBC}") = "SquashBugsICE", "SquashBugsICE.csproj", "{E8959B1F-858E-4389-B12D-F37BBB488376}"
EndProject
Global
	GlobalSection(SolutionConfigurationPlatforms) = preSolution
		Debug|Any CPU = Debug|Any CPU
		Release|Any CPU = Release|Any CPU
	EndGlobalSection
	GlobalSection(ProjectConfigurationPlatforms) = postSolution
		{E8959B1F-858E-4389-B12D-F37BBB488376}.Debug|Any CPU.ActiveCfg = Debug|Any CPU
		{E8959B1F-858E-4389-B12D-F37BBB488376}.Debug|Any CPU.Build.0 = Debug|Any CPU
		{E8959B1F-858E-4389-B12D-F37BBB488376}.Release|Any CPU.ActiveCfg = Release|Any CPU
		{E8959B1F-858E-4389-B12D-F37BBB488376}.Release|Any CPU.Build.0 = Release|Any CPU
	EndGlobalSection
	GlobalSection(SolutionProperties) = preSolution
		HideSolutionNode = FALSE
	EndGlobalSection
	GlobalSection(ExtensibilityGlobals) = postSolution
		SolutionGuid = {3ADAC553-4A99-4648-A24B-EE52D402038D}
	EndGlobalSection
EndGlobal
